
Microsoft Visual Studio Solution File, Format Version 12.00
# Visual Studio Version 17
VisualStudioVersion = 17.8.34408.163
MinimumVisualStudioVersion = 10.0.40219.1
Project("{FAE04EC0-301F-11D3-BF4B-00C04F79EFBC}") = "ReceiptGenerator.Server", "ReceiptGenerator.Server\ReceiptGenerator.Server.csproj", "{039E7769-F10B-4FDC-8DF8-B573E212CC86}"
EndProject
Project("{54A90642-561A-4BB1-A94E-469ADEE60C69}") = "receiptgenerator.client", "receiptgenerator.client\receiptgenerator.client.esproj", "{B4670B8A-7B3C-4A97-AE60-7CB8F2CB6E79}"
EndProject
Global
	GlobalSection(SolutionConfigurationPlatforms) = preSolution
		Debug|Any CPU = Debug|Any CPU
		Release|Any CPU = Release|Any CPU
	EndGlobalSection
	GlobalSection(ProjectConfigurationPlatforms) = postSolution
		{039E7769-F10B-4FDC-8DF8-B573E212CC86}.Debug|Any CPU.ActiveCfg = Debug|Any CPU
		{039E7769-F10B-4FDC-8DF8-B573E212CC86}.Debug|Any CPU.Build.0 = Debug|Any CPU
		{039E7769-F10B-4FDC-8DF8-B573E212CC86}.Release|Any CPU.ActiveCfg = Release|Any CPU
		{039E7769-F10B-4FDC-8DF8-B573E212CC86}.Release|Any CPU.Build.0 = Release|Any CPU
		{B4670B8A-7B3C-4A97-AE60-7CB8F2CB6E79}.Debug|Any CPU.ActiveCfg = Debug|Any CPU
		{B4670B8A-7B3C-4A97-AE60-7CB8F2CB6E79}.Debug|Any CPU.Build.0 = Debug|Any CPU
		{B4670B8A-7B3C-4A97-AE60-7CB8F2CB6E79}.Debug|Any CPU.Deploy.0 = Debug|Any CPU
		{B4670B8A-7B3C-4A97-AE60-7CB8F2CB6E79}.Release|Any CPU.ActiveCfg = Release|Any CPU
		{B4670B8A-7B3C-4A97-AE60-7CB8F2CB6E79}.Release|Any CPU.Build.0 = Release|Any CPU
		{B4670B8A-7B3C-4A97-AE60-7CB8F2CB6E79}.Release|Any CPU.Deploy.0 = Release|Any CPU
	EndGlobalSection
	GlobalSection(SolutionProperties) = preSolution
		HideSolutionNode = FALSE
	EndGlobalSection
	GlobalSection(ExtensibilityGlobals) = postSolution
		SolutionGuid = {EE4CA56F-AAB2-4FF7-BD41-B027FC4936DB}
	EndGlobalSection
EndGlobal
